# This file is automatically @generated by Wally.
# It is not intended for manual editing.
registry = "test"

[[package]]
name = "brooke/example"
version = "0.1.0"
dependencies = [["Roact", "core-packages/roact-compat@17.0.1-rc.16.1"]]

[[package]]
name = "core-packages/boolean"
version = "1.1.0"
dependencies = [["Number", "core-packages/number@1.1.0"]]

[[package]]
name = "core-packages/collections"
version = "1.1.0"
dependencies = [["ES7Types", "core-packages/es-7-types@1.1.0"], ["InstanceOf", "core-packages/instance-of@1.1.0"]]

[[package]]
name = "core-packages/console"
version = "1.1.0"
dependencies = [["Collections", "core-packages/collections@1.1.0"]]

[[package]]
name = "core-packages/es-7-types"
version = "1.1.0"
dependencies = []

[[package]]
name = "core-packages/instance-of"
version = "1.1.0"
dependencies = []

[[package]]
name = "core-packages/luau-polyfill"
version = "1.1.0"
dependencies = [["Boolean", "core-packages/boolean@1.1.0"], ["Collections", "core-packages/collections@1.1.0"], ["Console", "core-packages/console@1.1.0"], ["ES7Types", "core-packages/es-7-types@1.1.0"], ["InstanceOf", "core-packages/instance-of@1.1.0"], ["Math", "core-packages/math@1.1.0"], ["Number", "core-packages/number@1.1.0"], ["String", "core-packages/string@1.1.0"], ["Symbol", "core-packages/symbol@1.1.0"], ["Timers", "core-packages/timers@1.1.0"]]

[[package]]
name = "core-packages/math"
version = "1.1.0"
dependencies = []

[[package]]
name = "core-packages/number"
version = "1.1.0"
dependencies = []

[[package]]
name = "core-packages/react"
version = "17.0.1-rc.16"
dependencies = [["Cryo", "freddylist/llama@1.1.1"], ["LuauPolyfill", "core-packages/luau-polyfill@1.1.0"], ["Shared", "core-packages/shared@17.0.1-rc.16"]]

[[package]]
name = "core-packages/react-reconciler"
version = "17.0.1-rc.16"
dependencies = [["Cryo", "freddylist/llama@1.1.1"], ["LuauPolyfill", "core-packages/luau-polyfill@1.1.0"], ["Promise", "evaera/promise@4.0.0"], ["React", "core-packages/react@17.0.1-rc.16"], ["Scheduler", "core-packages/scheduler@17.0.1-rc.16"], ["Shared", "core-packages/shared@17.0.1-rc.16"]]

[[package]]
name = "core-packages/react-roblox"
version = "17.0.1-rc.16"
dependencies = [["LuauPolyfill", "core-packages/luau-polyfill@1.1.0"], ["React", "core-packages/react@17.0.1-rc.16"], ["ReactReconciler", "core-packages/react-reconciler@17.0.1-rc.16"], ["Scheduler", "core-packages/scheduler@17.0.1-rc.16"], ["Shared", "core-packages/shared@17.0.1-rc.16"]]

[[package]]
name = "core-packages/roact-compat"
version = "17.0.1-rc.16.1"
dependencies = [["LuauPolyfill", "core-packages/luau-polyfill@1.1.0"], ["React", "core-packages/react@17.0.1-rc.16"], ["ReactRoblox", "core-packages/react-roblox@17.0.1-rc.16"], ["Shared", "core-packages/shared@17.0.1-rc.16"]]

[[package]]
name = "core-packages/scheduler"
version = "17.0.1-rc.16"
dependencies = [["LuauPolyfill", "core-packages/luau-polyfill@1.1.0"], ["Shared", "core-packages/shared@17.0.1-rc.16"]]

[[package]]
name = "core-packages/shared"
version = "17.0.1-rc.16"
dependencies = [["LuauPolyfill", "core-packages/luau-polyfill@1.1.0"]]

[[package]]
name = "core-packages/string"
version = "1.1.0"
dependencies = [["ES7Types", "core-packages/es-7-types@1.1.0"], ["Number", "core-packages/number@1.1.0"]]

[[package]]
name = "core-packages/symbol"
version = "1.1.0"
dependencies = []

[[package]]
name = "core-packages/timers"
version = "1.1.0"
dependencies = [["Collections", "core-packages/collections@1.1.0"]]

[[package]]
name = "evaera/promise"
version = "4.0.0"
dependencies = []

[[package]]
name = "freddylist/llama"
version = "1.1.1"
dependencies = []
